
Microsoft Visual Studio Solution File, Format Version 12.00
Project("{2150E333-8FDC-42A3-9474-1A3956D46DE8}") = "src", "src", "{CE0AE72C-3D03-4AF0-891C-C777B821C5F4}"
EndProject
Project("{2150E333-8FDC-42A3-9474-1A3956D46DE8}") = "tests", "tests", "{7DF879B9-427E-45C6-99C1-C430BDA29C40}"
EndProject
Project("{FAE04EC0-301F-11D3-BF4B-00C04F79EFBC}") = "CashFlow.Api", "src\CashFlow.Api\CashFlow.Api.csproj", "{5C4EE577-4F2C-4DA4-A51E-F345C61875B2}"
EndProject
Project("{FAE04EC0-301F-11D3-BF4B-00C04F79EFBC}") = "CashFlow.Domain", "src\CashFlow.Domain\CashFlow.Domain.csproj", "{B56A520D-C992-4C03-B277-80D0CA57D159}"
EndProject
Project("{FAE04EC0-301F-11D3-BF4B-00C04F79EFBC}") = "CashFlow.Application", "src\CashFlow.Application\CashFlow.Application.csproj", "{1CB3935E-853E-4757-B042-F0D1661A0E3E}"
EndProject
Project("{FAE04EC0-301F-11D3-BF4B-00C04F79EFBC}") = "CashFlow.Communication", "src\CashFlow.Communication\CashFlow.Communication.csproj", "{02389289-43FB-452E-B7BC-7F85D82AEB62}"
EndProject
Project("{FAE04EC0-301F-11D3-BF4B-00C04F79EFBC}") = "CashFlow.Exception", "src\CashFlow.Exception\CashFlow.Exception.csproj", "{7E231061-CC57-4E7A-A112-9D7314C16E6D}"
EndProject
Project("{FAE04EC0-301F-11D3-BF4B-00C04F79EFBC}") = "CashFlow.Infrastructure", "src\CashFlow.Infrastructure\CashFlow.Infrastructure.csproj", "{7BCF07FE-A195-4844-87B5-908283E40922}"
EndProject
Project("{FAE04EC0-301F-11D3-BF4B-00C04F79EFBC}") = "Validators.Tests", "tests\Validators.Tests\Validators.Tests.csproj", "{25ABFDBE-80E5-4ABB-9F4E-19CDC3B4A7E6}"
EndProject
Global
	GlobalSection(SolutionConfigurationPlatforms) = preSolution
		Debug|Any CPU = Debug|Any CPU
		Release|Any CPU = Release|Any CPU
	EndGlobalSection
	GlobalSection(NestedProjects) = preSolution
		{5C4EE577-4F2C-4DA4-A51E-F345C61875B2} = {CE0AE72C-3D03-4AF0-891C-C777B821C5F4}
		{B56A520D-C992-4C03-B277-80D0CA57D159} = {CE0AE72C-3D03-4AF0-891C-C777B821C5F4}
		{1CB3935E-853E-4757-B042-F0D1661A0E3E} = {CE0AE72C-3D03-4AF0-891C-C777B821C5F4}
		{02389289-43FB-452E-B7BC-7F85D82AEB62} = {CE0AE72C-3D03-4AF0-891C-C777B821C5F4}
		{7E231061-CC57-4E7A-A112-9D7314C16E6D} = {CE0AE72C-3D03-4AF0-891C-C777B821C5F4}
		{7BCF07FE-A195-4844-87B5-908283E40922} = {CE0AE72C-3D03-4AF0-891C-C777B821C5F4}
		{25ABFDBE-80E5-4ABB-9F4E-19CDC3B4A7E6} = {7DF879B9-427E-45C6-99C1-C430BDA29C40}
	EndGlobalSection
	GlobalSection(ProjectConfigurationPlatforms) = postSolution
		{5C4EE577-4F2C-4DA4-A51E-F345C61875B2}.Debug|Any CPU.ActiveCfg = Debug|Any CPU
		{5C4EE577-4F2C-4DA4-A51E-F345C61875B2}.Debug|Any CPU.Build.0 = Debug|Any CPU
		{5C4EE577-4F2C-4DA4-A51E-F345C61875B2}.Release|Any CPU.ActiveCfg = Release|Any CPU
		{5C4EE577-4F2C-4DA4-A51E-F345C61875B2}.Release|Any CPU.Build.0 = Release|Any CPU
		{B56A520D-C992-4C03-B277-80D0CA57D159}.Debug|Any CPU.ActiveCfg = Debug|Any CPU
		{B56A520D-C992-4C03-B277-80D0CA57D159}.Debug|Any CPU.Build.0 = Debug|Any CPU
		{B56A520D-C992-4C03-B277-80D0CA57D159}.Release|Any CPU.ActiveCfg = Release|Any CPU
		{B56A520D-C992-4C03-B277-80D0CA57D159}.Release|Any CPU.Build.0 = Release|Any CPU
		{1CB3935E-853E-4757-B042-F0D1661A0E3E}.Debug|Any CPU.ActiveCfg = Debug|Any CPU
		{1CB3935E-853E-4757-B042-F0D1661A0E3E}.Debug|Any CPU.Build.0 = Debug|Any CPU
		{1CB3935E-853E-4757-B042-F0D1661A0E3E}.Release|Any CPU.ActiveCfg = Release|Any CPU
		{1CB3935E-853E-4757-B042-F0D1661A0E3E}.Release|Any CPU.Build.0 = Release|Any CPU
		{02389289-43FB-452E-B7BC-7F85D82AEB62}.Debug|Any CPU.ActiveCfg = Debug|Any CPU
		{02389289-43FB-452E-B7BC-7F85D82AEB62}.Debug|Any CPU.Build.0 = Debug|Any CPU
		{02389289-43FB-452E-B7BC-7F85D82AEB62}.Release|Any CPU.ActiveCfg = Release|Any CPU
		{02389289-43FB-452E-B7BC-7F85D82AEB62}.Release|Any CPU.Build.0 = Release|Any CPU
		{7E231061-CC57-4E7A-A112-9D7314C16E6D}.Debug|Any CPU.ActiveCfg = Debug|Any CPU
		{7E231061-CC57-4E7A-A112-9D7314C16E6D}.Debug|Any CPU.Build.0 = Debug|Any CPU
		{7E231061-CC57-4E7A-A112-9D7314C16E6D}.Release|Any CPU.ActiveCfg = Release|Any CPU
		{7E231061-CC57-4E7A-A112-9D7314C16E6D}.Release|Any CPU.Build.0 = Release|Any CPU
		{7BCF07FE-A195-4844-87B5-908283E40922}.Debug|Any CPU.ActiveCfg = Debug|Any CPU
		{7BCF07FE-A195-4844-87B5-908283E40922}.Debug|Any CPU.Build.0 = Debug|Any CPU
		{7BCF07FE-A195-4844-87B5-908283E40922}.Release|Any CPU.ActiveCfg = Release|Any CPU
		{7BCF07FE-A195-4844-87B5-908283E40922}.Release|Any CPU.Build.0 = Release|Any CPU
		{25ABFDBE-80E5-4ABB-9F4E-19CDC3B4A7E6}.Debug|Any CPU.ActiveCfg = Debug|Any CPU
		{25ABFDBE-80E5-4ABB-9F4E-19CDC3B4A7E6}.Debug|Any CPU.Build.0 = Debug|Any CPU
		{25ABFDBE-80E5-4ABB-9F4E-19CDC3B4A7E6}.Release|Any CPU.ActiveCfg = Release|Any CPU
		{25ABFDBE-80E5-4ABB-9F4E-19CDC3B4A7E6}.Release|Any CPU.Build.0 = Release|Any CPU
	EndGlobalSection
EndGlobal
